// !$*UTF8*$!
{
	archiveVersion = 1;
	classes = {
	};
	objectVersion = 45;
	objects = {

/* Begin PBXBuildFile section */
		1479B53413908F25005FFAF5 /* common.c in Sources */ = {isa = PBXBuildFile; fileRef = 1479B53213908F25005FFAF5 /* common.c */; };
		1482469312EFB1C0003CFC32 /* code.c in Sources */ = {isa = PBXBuildFile; fileRef = 1482469112EFB1C0003CFC32 /* code.c */; };
		148246AE12EFB3A6003CFC32 /* codeImageTemplate.c in Sources */ = {isa = PBXBuildFile; fileRef = 148246AC12EFB3A6003CFC32 /* codeImageTemplate.c */; };
		148246B312EFB3BC003CFC32 /* Accelerate.framework in Frameworks */ = {isa = PBXBuildFile; fileRef = 148246B212EFB3BC003CFC32 /* Accelerate.framework */; };
		1482495712F00C37003CFC32 /* corner.c in Sources */ = {isa = PBXBuildFile; fileRef = 1482495612F00C37003CFC32 /* corner.c */; };
		14B63EA012FA6D2700180311 /* denoiseWithContractionAndExpansion.c in Sources */ = {isa = PBXBuildFile; fileRef = 14B63E9E12FA6D2700180311 /* denoiseWithContractionAndExpansion.c */; };
		14FA5B6212A7D22800F07FC2 /* chaincode.c in Sources */ = {isa = PBXBuildFile; fileRef = 14FA5B6012A7D22800F07FC2 /* chaincode.c */; };
		8DD76FAC0486AB0100D96B5E /* main.c in Sources */ = {isa = PBXBuildFile; fileRef = 08FB7796FE84155DC02AAC07 /* main.c */; settings = {ATTRIBUTES = (); }; };
		8DD76FB00486AB0100D96B5E /* cornerDetectionTest.1 in CopyFiles */ = {isa = PBXBuildFile; fileRef = C6A0FF2C0290799A04C91782 /* cornerDetectionTest.1 */; };
/* End PBXBuildFile section */

/* Begin PBXCopyFilesBuildPhase section */
		8DD76FAF0486AB0100D96B5E /* CopyFiles */ = {
			isa = PBXCopyFilesBuildPhase;
			buildActionMask = 8;
			dstPath = /usr/share/man/man1/;
			dstSubfolderSpec = 0;
			files = (
				8DD76FB00486AB0100D96B5E /* cornerDetectionTest.1 in CopyFiles */,
			);
			runOnlyForDeploymentPostprocessing = 1;
		};
/* End PBXCopyFilesBuildPhase section */

/* Begin PBXFileReference section */
		08FB7796FE84155DC02AAC07 /* main.c */ = {isa = PBXFileReference; fileEncoding = 4; lastKnownFileType = sourcecode.c.c; path = main.c; sourceTree = "<group>"; };
		1479B53213908F25005FFAF5 /* common.c */ = {isa = PBXFileReference; fileEncoding = 4; lastKnownFileType = sourcecode.c.c; name = common.c; path = ../common.c; sourceTree = "<group>"; };
		1479B53313908F25005FFAF5 /* common.h */ = {isa = PBXFileReference; fileEncoding = 4; lastKnownFileType = sourcecode.c.h; name = common.h; path = ../common.h; sourceTree = "<group>"; };
		1482468A12EFB1AC003CFC32 /* ar.h */ = {isa = PBXFileReference; fileEncoding = 4; lastKnownFileType = sourcecode.c.h; name = ar.h; path = ../ar.h; sourceTree = SOURCE_ROOT; };
		1482468B12EFB1AC003CFC32 /* prepro.h */ = {isa = PBXFileReference; fileEncoding = 4; lastKnownFileType = sourcecode.c.h; name = prepro.h; path = ../prepro.h; sourceTree = SOURCE_ROOT; };
		1482469112EFB1C0003CFC32 /* code.c */ = {isa = PBXFileReference; fileEncoding = 4; lastKnownFileType = sourcecode.c.c; name = code.c; path = ../code.c; sourceTree = SOURCE_ROOT; };
		1482469212EFB1C0003CFC32 /* code.h */ = {isa = PBXFileReference; fileEncoding = 4; lastKnownFileType = sourcecode.c.h; name = code.h; path = ../code.h; sourceTree = SOURCE_ROOT; };
		148246AC12EFB3A6003CFC32 /* codeImageTemplate.c */ = {isa = PBXFileReference; fileEncoding = 4; lastKnownFileType = sourcecode.c.c; name = codeImageTemplate.c; path = ../codeImageTemplate.c; sourceTree = SOURCE_ROOT; };
		148246AD12EFB3A6003CFC32 /* codeImageTemplate.h */ = {isa = PBXFileReference; fileEncoding = 4; lastKnownFileType = sourcecode.c.h; name = codeImageTemplate.h; path = ../codeImageTemplate.h; sourceTree = SOURCE_ROOT; };
		148246B212EFB3BC003CFC32 /* Accelerate.framework */ = {isa = PBXFileReference; lastKnownFileType = wrapper.framework; name = Accelerate.framework; path = System/Library/Frameworks/Accelerate.framework; sourceTree = SDKROOT; };
		1482495512F00C37003CFC32 /* corner.h */ = {isa = PBXFileReference; fileEncoding = 4; lastKnownFileType = sourcecode.c.h; name = corner.h; path = ../corner.h; sourceTree = SOURCE_ROOT; };
		1482495612F00C37003CFC32 /* corner.c */ = {isa = PBXFileReference; fileEncoding = 4; lastKnownFileType = sourcecode.c.c; name = corner.c; path = ../corner.c; sourceTree = SOURCE_ROOT; };
		14B63E9E12FA6D2700180311 /* denoiseWithContractionAndExpansion.c */ = {isa = PBXFileReference; fileEncoding = 4; lastKnownFileType = sourcecode.c.c; name = denoiseWithContractionAndExpansion.c; path = ../denoiseWithContractionAndExpansion.c; sourceTree = SOURCE_ROOT; };
		14B63E9F12FA6D2700180311 /* denoiseWithContractionAndExpansion.h */ = {isa = PBXFileReference; fileEncoding = 4; lastKnownFileType = sourcecode.c.h; name = denoiseWithContractionAndExpansion.h; path = ../denoiseWithContractionAndExpansion.h; sourceTree = SOURCE_ROOT; };
		14FA5B6012A7D22800F07FC2 /* chaincode.c */ = {isa = PBXFileReference; fileEncoding = 4; lastKnownFileType = sourcecode.c.c; name = chaincode.c; path = ../chaincode.c; sourceTree = SOURCE_ROOT; };
		14FA5B6112A7D22800F07FC2 /* chaincode.h */ = {isa = PBXFileReference; fileEncoding = 4; lastKnownFileType = sourcecode.c.h; name = chaincode.h; path = ../chaincode.h; sourceTree = SOURCE_ROOT; };
		8DD76FB20486AB0100D96B5E /* cornerDetectionTest */ = {isa = PBXFileReference; explicitFileType = "compiled.mach-o.executable"; includeInIndex = 0; path = cornerDetectionTest; sourceTree = BUILT_PRODUCTS_DIR; };
		C6A0FF2C0290799A04C91782 /* cornerDetectionTest.1 */ = {isa = PBXFileReference; lastKnownFileType = text.man; path = cornerDetectionTest.1; sourceTree = "<group>"; };
/* End PBXFileReference section */

/* Begin PBXFrameworksBuildPhase section */
		8DD76FAD0486AB0100D96B5E /* Frameworks */ = {
			isa = PBXFrameworksBuildPhase;
			buildActionMask = 2147483647;
			files = (
				148246B312EFB3BC003CFC32 /* Accelerate.framework in Frameworks */,
			);
			runOnlyForDeploymentPostprocessing = 0;
		};
/* End PBXFrameworksBuildPhase section */

/* Begin PBXGroup section */
		08FB7794FE84155DC02AAC07 /* cornerDetectionTest */ = {
			isa = PBXGroup;
			children = (
				148246B212EFB3BC003CFC32 /* Accelerate.framework */,
				141C362D12B3320A006162FA /* CoreAR */,
				08FB7795FE84155DC02AAC07 /* Source */,
				C6A0FF2B0290797F04C91782 /* Documentation */,
				1AB674ADFE9D54B511CA2CBB /* Products */,
			);
			name = cornerDetectionTest;
			sourceTree = "<group>";
		};
		08FB7795FE84155DC02AAC07 /* Source */ = {
			isa = PBXGroup;
			children = (
				08FB7796FE84155DC02AAC07 /* main.c */,
			);
			name = Source;
			sourceTree = "<group>";
		};
		141C362D12B3320A006162FA /* CoreAR */ = {
			isa = PBXGroup;
			children = (
				1479B53213908F25005FFAF5 /* common.c */,
				1479B53313908F25005FFAF5 /* common.h */,
				14B63E9E12FA6D2700180311 /* denoiseWithContractionAndExpansion.c */,
				14B63E9F12FA6D2700180311 /* denoiseWithContractionAndExpansion.h */,
				148246AD12EFB3A6003CFC32 /* codeImageTemplate.h */,
				148246AC12EFB3A6003CFC32 /* codeImageTemplate.c */,
				1482469212EFB1C0003CFC32 /* code.h */,
				1482469112EFB1C0003CFC32 /* code.c */,
				1482468A12EFB1AC003CFC32 /* ar.h */,
				1482468B12EFB1AC003CFC32 /* prepro.h */,
				14FA5B6112A7D22800F07FC2 /* chaincode.h */,
				14FA5B6012A7D22800F07FC2 /* chaincode.c */,
				1482495512F00C37003CFC32 /* corner.h */,
				1482495612F00C37003CFC32 /* corner.c */,
			);
			name = CoreAR;
			sourceTree = "<group>";
		};
		1AB674ADFE9D54B511CA2CBB /* Products */ = {
			isa = PBXGroup;
			children = (
				8DD76FB20486AB0100D96B5E /* cornerDetectionTest */,
			);
			name = Products;
			sourceTree = "<group>";
		};
		C6A0FF2B0290797F04C91782 /* Documentation */ = {
			isa = PBXGroup;
			children = (
				C6A0FF2C0290799A04C91782 /* cornerDetectionTest.1 */,
			);
			name = Documentation;
			sourceTree = "<group>";
		};
/* End PBXGroup section */

/* Begin PBXNativeTarget section */
		8DD76FA90486AB0100D96B5E /* cornerDetectionTest */ = {
			isa = PBXNativeTarget;
			buildConfigurationList = 1DEB928508733DD80010E9CD /* Build configuration list for PBXNativeTarget "cornerDetectionTest" */;
			buildPhases = (
				8DD76FAB0486AB0100D96B5E /* Sources */,
				8DD76FAD0486AB0100D96B5E /* Frameworks */,
				8DD76FAF0486AB0100D96B5E /* CopyFiles */,
			);
			buildRules = (
			);
			dependencies = (
			);
			name = cornerDetectionTest;
			productInstallPath = "$(HOME)/bin";
			productName = cornerDetectionTest;
			productReference = 8DD76FB20486AB0100D96B5E /* cornerDetectionTest */;
			productType = "com.apple.product-type.tool";
		};
/* End PBXNativeTarget section */

/* Begin PBXProject section */
		08FB7793FE84155DC02AAC07 /* Project object */ = {
			isa = PBXProject;
			buildConfigurationList = 1DEB928908733DD80010E9CD /* Build configuration list for PBXProject "cornerDetectionTest" */;
			compatibilityVersion = "Xcode 3.1";
			developmentRegion = English;
			hasScannedForEncodings = 1;
			knownRegions = (
				English,
				Japanese,
				French,
				German,
			);
			mainGroup = 08FB7794FE84155DC02AAC07 /* cornerDetectionTest */;
			projectDirPath = "";
			projectRoot = "";
			targets = (
				8DD76FA90486AB0100D96B5E /* cornerDetectionTest */,
			);
		};
/* End PBXProject section */

/* Begin PBXSourcesBuildPhase section */
		8DD76FAB0486AB0100D96B5E /* Sources */ = {
			isa = PBXSourcesBuildPhase;
			buildActionMask = 2147483647;
			files = (
				8DD76FAC0486AB0100D96B5E /* main.c in Sources */,
				14FA5B6212A7D22800F07FC2 /* chaincode.c in Sources */,
				1482469312EFB1C0003CFC32 /* code.c in Sources */,
				148246AE12EFB3A6003CFC32 /* codeImageTemplate.c in Sources */,
				1482495712F00C37003CFC32 /* corner.c in Sources */,
				14B63EA012FA6D2700180311 /* denoiseWithContractionAndExpansion.c in Sources */,
				1479B53413908F25005FFAF5 /* common.c in Sources */,
			);
			runOnlyForDeploymentPostprocessing = 0;
		};
/* End PBXSourcesBuildPhase section */

/* Begin XCBuildConfiguration section */
		1DEB928608733DD80010E9CD /* Debug */ = {
			isa = XCBuildConfiguration;
			buildSettings = {
				ALWAYS_SEARCH_USER_PATHS = NO;
				COPY_PHASE_STRIP = NO;
				GCC_DYNAMIC_NO_PIC = NO;
				GCC_ENABLE_FIX_AND_CONTINUE = YES;
				GCC_MODEL_TUNING = G5;
				GCC_OPTIMIZATION_LEVEL = 0;
				INSTALL_PATH = /usr/local/bin;
				PRODUCT_NAME = cornerDetectionTest;
			};
			name = Debug;
		};
		1DEB928708733DD80010E9CD /* Release */ = {
			isa = XCBuildConfiguration;
			buildSettings = {
				ALWAYS_SEARCH_USER_PATHS = NO;
				DEBUG_INFORMATION_FORMAT = "dwarf-with-dsym";
				GCC_MODEL_TUNING = G5;
				INSTALL_PATH = /usr/local/bin;
				PRODUCT_NAME = cornerDetectionTest;
			};
			name = Release;
		};
		1DEB928A08733DD80010E9CD /* Debug */ = {
			isa = XCBuildConfiguration;
			buildSettings = {
				ARCHS = "$(ARCHS_STANDARD_32_64_BIT)";
				GCC_C_LANGUAGE_STANDARD = gnu99;
				GCC_OPTIMIZATION_LEVEL = 0;
				GCC_WARN_ABOUT_RETURN_TYPE = YES;
				GCC_WARN_UNUSED_VARIABLE = YES;
				ONLY_ACTIVE_ARCH = YES;
				PREBINDING = NO;
				SDKROOT = macosx10.6;
			};
			name = Debug;
		};
		1DEB928B08733DD80010E9CD /* Release */ = {
			isa = XCBuildConfiguration;
			buildSettings = {
				ARCHS = "$(ARCHS_STANDARD_32_64_BIT)";
				GCC_C_LANGUAGE_STANDARD = gnu99;
				GCC_WARN_ABOUT_RETURN_TYPE = YES;
				GCC_WARN_UNUSED_VARIABLE = YES;
				PREBINDING = NO;
				SDKROOT = macosx10.6;
			};
			name = Release;
		};
/* End XCBuildConfiguration section */

/* Begin XCConfigurationList section */
		1DEB928508733DD80010E9CD /* Build configuration list for PBXNativeTarget "cornerDetectionTest" */ = {
			isa = XCConfigurationList;
			buildConfigurations = (
				1DEB928608733DD80010E9CD /* Debug */,
				1DEB928708733DD80010E9CD /* Release */,
			);
			defaultConfigurationIsVisible = 0;
			defaultConfigurationName = Release;
		};
		1DEB928908733DD80010E9CD /* Build configuration list for PBXProject "cornerDetectionTest" */ = {
			isa = XCConfigurationList;
			buildConfigurations = (
				1DEB928A08733DD80010E9CD /* Debug */,
				1DEB928B08733DD80010E9CD /* Release */,
			);
			defaultConfigurationIsVisible = 0;
			defaultConfigurationName = Release;
		};
/* End XCConfigurationList section */
	};
	rootObject = 08FB7793FE84155DC02AAC07 /* Project object */;
}
