// !$*UTF8*$!
{
	archiveVersion = 1;
	classes = {
	};
	objectVersion = 46;
	objects = {

/* Begin PBXBuildFile section */
		1488138014209C98004BCE14 /* main.cpp in Sources */ = {isa = PBXBuildFile; fileRef = 1488137F14209C98004BCE14 /* main.cpp */; };
		1488138214209C98004BCE14 /* CoreARUnitTest.1 in CopyFiles */ = {isa = PBXBuildFile; fileRef = 1488138114209C98004BCE14 /* CoreARUnitTest.1 */; };
		148DF7F71421963A0011CF9F /* chaincode.cpp in Sources */ = {isa = PBXBuildFile; fileRef = 148DF7EF1421963A0011CF9F /* chaincode.cpp */; };
		148DF7F81421963A0011CF9F /* corner.cpp in Sources */ = {isa = PBXBuildFile; fileRef = 148DF7F11421963A0011CF9F /* corner.cpp */; };
		148DF7F91421963A0011CF9F /* homography.cpp in Sources */ = {isa = PBXBuildFile; fileRef = 148DF7F31421963A0011CF9F /* homography.cpp */; };
		148DF7FA1421963A0011CF9F /* levenbergMarquardt.cpp in Sources */ = {isa = PBXBuildFile; fileRef = 148DF7F51421963A0011CF9F /* levenbergMarquardt.cpp */; };
		148DF8071421964D0011CF9F /* CRChainCode.cpp in Sources */ = {isa = PBXBuildFile; fileRef = 148DF7FB1421964D0011CF9F /* CRChainCode.cpp */; };
		148DF8081421964D0011CF9F /* CRChainCodeBlob.cpp in Sources */ = {isa = PBXBuildFile; fileRef = 148DF7FD1421964D0011CF9F /* CRChainCodeBlob.cpp */; };
		148DF8091421964D0011CF9F /* CRChainCodeElement.cpp in Sources */ = {isa = PBXBuildFile; fileRef = 148DF7FF1421964D0011CF9F /* CRChainCodeElement.cpp */; };
		148DF80A1421964D0011CF9F /* CRCode.cpp in Sources */ = {isa = PBXBuildFile; fileRef = 148DF8011421964D0011CF9F /* CRCode.cpp */; };
		148DF80B1421964D0011CF9F /* CRHomogeneousVec3.cpp in Sources */ = {isa = PBXBuildFile; fileRef = 148DF8031421964D0011CF9F /* CRHomogeneousVec3.cpp */; };
		148DF80C1421964D0011CF9F /* CRRodrigues.cpp in Sources */ = {isa = PBXBuildFile; fileRef = 148DF8051421964D0011CF9F /* CRRodrigues.cpp */; };
		148DF812142198DE0011CF9F /* CRTest.cpp in Sources */ = {isa = PBXBuildFile; fileRef = 148DF810142198DE0011CF9F /* CRTest.cpp */; };
		148DF81A1421C5EC0011CF9F /* rodrigues.cpp in Sources */ = {isa = PBXBuildFile; fileRef = 148DF8181421C5EC0011CF9F /* rodrigues.cpp */; };
		14E99B991422C9E900463FF4 /* CRLevenbergMarquardt.cpp in Sources */ = {isa = PBXBuildFile; fileRef = 14E99B981422C9E900463FF4 /* CRLevenbergMarquardt.cpp */; };
		14EAD69F1421C97C00106D02 /* Accelerate.framework in Frameworks */ = {isa = PBXBuildFile; fileRef = 14EAD69E1421C97C00106D02 /* Accelerate.framework */; };
		14EAD6AA1421D3D400106D02 /* codeCropping.cpp in Sources */ = {isa = PBXBuildFile; fileRef = 14EAD6A81421D3D400106D02 /* codeCropping.cpp */; };
/* End PBXBuildFile section */

/* Begin PBXCopyFilesBuildPhase section */
		1488137914209C98004BCE14 /* CopyFiles */ = {
			isa = PBXCopyFilesBuildPhase;
			buildActionMask = 2147483647;
			dstPath = /usr/share/man/man1/;
			dstSubfolderSpec = 0;
			files = (
				1488138214209C98004BCE14 /* CoreARUnitTest.1 in CopyFiles */,
			);
			runOnlyForDeploymentPostprocessing = 1;
		};
/* End PBXCopyFilesBuildPhase section */

/* Begin PBXFileReference section */
		1488137B14209C98004BCE14 /* CoreARUnitTest */ = {isa = PBXFileReference; explicitFileType = "compiled.mach-o.executable"; includeInIndex = 0; path = CoreARUnitTest; sourceTree = BUILT_PRODUCTS_DIR; };
		1488137F14209C98004BCE14 /* main.cpp */ = {isa = PBXFileReference; lastKnownFileType = sourcecode.cpp.cpp; path = main.cpp; sourceTree = "<group>"; };
		1488138114209C98004BCE14 /* CoreARUnitTest.1 */ = {isa = PBXFileReference; lastKnownFileType = text.man; path = CoreARUnitTest.1; sourceTree = "<group>"; };
		148DF7EF1421963A0011CF9F /* chaincode.cpp */ = {isa = PBXFileReference; fileEncoding = 4; lastKnownFileType = sourcecode.cpp.cpp; path = chaincode.cpp; sourceTree = "<group>"; };
		148DF7F01421963A0011CF9F /* chaincode.h */ = {isa = PBXFileReference; fileEncoding = 4; lastKnownFileType = sourcecode.c.h; path = chaincode.h; sourceTree = "<group>"; };
		148DF7F11421963A0011CF9F /* corner.cpp */ = {isa = PBXFileReference; fileEncoding = 4; lastKnownFileType = sourcecode.cpp.cpp; path = corner.cpp; sourceTree = "<group>"; };
		148DF7F21421963A0011CF9F /* corner.h */ = {isa = PBXFileReference; fileEncoding = 4; lastKnownFileType = sourcecode.c.h; path = corner.h; sourceTree = "<group>"; };
		148DF7F31421963A0011CF9F /* homography.cpp */ = {isa = PBXFileReference; fileEncoding = 4; lastKnownFileType = sourcecode.cpp.cpp; path = homography.cpp; sourceTree = "<group>"; };
		148DF7F41421963A0011CF9F /* homography.h */ = {isa = PBXFileReference; fileEncoding = 4; lastKnownFileType = sourcecode.c.h; path = homography.h; sourceTree = "<group>"; };
		148DF7F51421963A0011CF9F /* levenbergMarquardt.cpp */ = {isa = PBXFileReference; fileEncoding = 4; lastKnownFileType = sourcecode.cpp.cpp; path = levenbergMarquardt.cpp; sourceTree = "<group>"; };
		148DF7F61421963A0011CF9F /* levenbergMarquardt.h */ = {isa = PBXFileReference; fileEncoding = 4; lastKnownFileType = sourcecode.c.h; path = levenbergMarquardt.h; sourceTree = "<group>"; };
		148DF7FB1421964D0011CF9F /* CRChainCode.cpp */ = {isa = PBXFileReference; fileEncoding = 4; lastKnownFileType = sourcecode.cpp.cpp; name = CRChainCode.cpp; path = ../CRChainCode.cpp; sourceTree = "<group>"; };
		148DF7FC1421964D0011CF9F /* CRChainCode.h */ = {isa = PBXFileReference; fileEncoding = 4; lastKnownFileType = sourcecode.c.h; name = CRChainCode.h; path = ../CRChainCode.h; sourceTree = "<group>"; };
		148DF7FD1421964D0011CF9F /* CRChainCodeBlob.cpp */ = {isa = PBXFileReference; fileEncoding = 4; lastKnownFileType = sourcecode.cpp.cpp; name = CRChainCodeBlob.cpp; path = ../CRChainCodeBlob.cpp; sourceTree = "<group>"; };
		148DF7FE1421964D0011CF9F /* CRChainCodeBlob.h */ = {isa = PBXFileReference; fileEncoding = 4; lastKnownFileType = sourcecode.c.h; name = CRChainCodeBlob.h; path = ../CRChainCodeBlob.h; sourceTree = "<group>"; };
		148DF7FF1421964D0011CF9F /* CRChainCodeElement.cpp */ = {isa = PBXFileReference; fileEncoding = 4; lastKnownFileType = sourcecode.cpp.cpp; name = CRChainCodeElement.cpp; path = ../CRChainCodeElement.cpp; sourceTree = "<group>"; };
		148DF8001421964D0011CF9F /* CRChainCodeElement.h */ = {isa = PBXFileReference; fileEncoding = 4; lastKnownFileType = sourcecode.c.h; name = CRChainCodeElement.h; path = ../CRChainCodeElement.h; sourceTree = "<group>"; };
		148DF8011421964D0011CF9F /* CRCode.cpp */ = {isa = PBXFileReference; fileEncoding = 4; lastKnownFileType = sourcecode.cpp.cpp; name = CRCode.cpp; path = ../CRCode.cpp; sourceTree = "<group>"; };
		148DF8021421964D0011CF9F /* CRCode.h */ = {isa = PBXFileReference; fileEncoding = 4; lastKnownFileType = sourcecode.c.h; name = CRCode.h; path = ../CRCode.h; sourceTree = "<group>"; };
		148DF8031421964D0011CF9F /* CRHomogeneousVec3.cpp */ = {isa = PBXFileReference; fileEncoding = 4; lastKnownFileType = sourcecode.cpp.cpp; name = CRHomogeneousVec3.cpp; path = ../CRHomogeneousVec3.cpp; sourceTree = "<group>"; };
		148DF8041421964D0011CF9F /* CRHomogeneousVec3.h */ = {isa = PBXFileReference; fileEncoding = 4; lastKnownFileType = sourcecode.c.h; name = CRHomogeneousVec3.h; path = ../CRHomogeneousVec3.h; sourceTree = "<group>"; };
		148DF8051421964D0011CF9F /* CRRodrigues.cpp */ = {isa = PBXFileReference; fileEncoding = 4; lastKnownFileType = sourcecode.cpp.cpp; name = CRRodrigues.cpp; path = ../CRRodrigues.cpp; sourceTree = "<group>"; };
		148DF8061421964D0011CF9F /* CRRodrigues.h */ = {isa = PBXFileReference; fileEncoding = 4; lastKnownFileType = sourcecode.c.h; name = CRRodrigues.h; path = ../CRRodrigues.h; sourceTree = "<group>"; };
		148DF80E142196710011CF9F /* CoreAR.h */ = {isa = PBXFileReference; fileEncoding = 4; lastKnownFileType = sourcecode.c.h; name = CoreAR.h; path = ../CoreAR.h; sourceTree = "<group>"; };
		148DF80F142197770011CF9F /* CRCommon.h */ = {isa = PBXFileReference; fileEncoding = 4; lastKnownFileType = sourcecode.c.h; name = CRCommon.h; path = ../CRCommon.h; sourceTree = "<group>"; };
		148DF810142198DE0011CF9F /* CRTest.cpp */ = {isa = PBXFileReference; fileEncoding = 4; lastKnownFileType = sourcecode.cpp.cpp; name = CRTest.cpp; path = ../../test/CRTest.cpp; sourceTree = "<group>"; };
		148DF811142198DE0011CF9F /* CRTest.h */ = {isa = PBXFileReference; fileEncoding = 4; lastKnownFileType = sourcecode.c.h; name = CRTest.h; path = ../../test/CRTest.h; sourceTree = "<group>"; };
		148DF813142199C80011CF9F /* test.h */ = {isa = PBXFileReference; fileEncoding = 4; lastKnownFileType = sourcecode.c.h; path = test.h; sourceTree = "<group>"; };
		148DF8181421C5EC0011CF9F /* rodrigues.cpp */ = {isa = PBXFileReference; fileEncoding = 4; lastKnownFileType = sourcecode.cpp.cpp; path = rodrigues.cpp; sourceTree = "<group>"; };
		148DF8191421C5EC0011CF9F /* rodrigues.h */ = {isa = PBXFileReference; fileEncoding = 4; lastKnownFileType = sourcecode.c.h; path = rodrigues.h; sourceTree = "<group>"; };
		14E99B981422C9E900463FF4 /* CRLevenbergMarquardt.cpp */ = {isa = PBXFileReference; fileEncoding = 4; lastKnownFileType = sourcecode.cpp.cpp; name = CRLevenbergMarquardt.cpp; path = ../CRLevenbergMarquardt.cpp; sourceTree = "<group>"; };
		14E99B9A1422C9FF00463FF4 /* CRLevenbergMarquardt.h */ = {isa = PBXFileReference; fileEncoding = 4; lastKnownFileType = sourcecode.c.h; name = CRLevenbergMarquardt.h; path = ../CRLevenbergMarquardt.h; sourceTree = "<group>"; };
		14EAD69E1421C97C00106D02 /* Accelerate.framework */ = {isa = PBXFileReference; lastKnownFileType = wrapper.framework; name = Accelerate.framework; path = System/Library/Frameworks/Accelerate.framework; sourceTree = SDKROOT; };
		14EAD6A81421D3D400106D02 /* codeCropping.cpp */ = {isa = PBXFileReference; fileEncoding = 4; lastKnownFileType = sourcecode.cpp.cpp; path = codeCropping.cpp; sourceTree = "<group>"; };
		14EAD6A91421D3D400106D02 /* codeCropping.h */ = {isa = PBXFileReference; fileEncoding = 4; lastKnownFileType = sourcecode.c.h; path = codeCropping.h; sourceTree = "<group>"; };
/* End PBXFileReference section */

/* Begin PBXFrameworksBuildPhase section */
		1488137814209C98004BCE14 /* Frameworks */ = {
			isa = PBXFrameworksBuildPhase;
			buildActionMask = 2147483647;
			files = (
				14EAD69F1421C97C00106D02 /* Accelerate.framework in Frameworks */,
			);
			runOnlyForDeploymentPostprocessing = 0;
		};
/* End PBXFrameworksBuildPhase section */

/* Begin PBXGroup section */
		1488137014209C98004BCE14 = {
			isa = PBXGroup;
			children = (
				148DF80D142196510011CF9F /* CoreAR */,
				148DF7EE1421963A0011CF9F /* Test */,
				1488137E14209C98004BCE14 /* CoreARUnitTest */,
				1488137C14209C98004BCE14 /* Products */,
			);
			sourceTree = "<group>";
		};
		1488137C14209C98004BCE14 /* Products */ = {
			isa = PBXGroup;
			children = (
				1488137B14209C98004BCE14 /* CoreARUnitTest */,
			);
			name = Products;
			sourceTree = "<group>";
		};
		1488137E14209C98004BCE14 /* CoreARUnitTest */ = {
			isa = PBXGroup;
			children = (
				148DF810142198DE0011CF9F /* CRTest.cpp */,
				148DF811142198DE0011CF9F /* CRTest.h */,
				1488137F14209C98004BCE14 /* main.cpp */,
				1488138114209C98004BCE14 /* CoreARUnitTest.1 */,
				14EAD69E1421C97C00106D02 /* Accelerate.framework */,
			);
			path = CoreARUnitTest;
			sourceTree = "<group>";
		};
		148DF7EE1421963A0011CF9F /* Test */ = {
			isa = PBXGroup;
			children = (
				148DF813142199C80011CF9F /* test.h */,
				148DF7EF1421963A0011CF9F /* chaincode.cpp */,
				148DF7F01421963A0011CF9F /* chaincode.h */,
				148DF7F11421963A0011CF9F /* corner.cpp */,
				148DF7F21421963A0011CF9F /* corner.h */,
				148DF7F31421963A0011CF9F /* homography.cpp */,
				148DF7F41421963A0011CF9F /* homography.h */,
				14EAD6A81421D3D400106D02 /* codeCropping.cpp */,
				14EAD6A91421D3D400106D02 /* codeCropping.h */,
				148DF8181421C5EC0011CF9F /* rodrigues.cpp */,
				148DF8191421C5EC0011CF9F /* rodrigues.h */,
				148DF7F51421963A0011CF9F /* levenbergMarquardt.cpp */,
				148DF7F61421963A0011CF9F /* levenbergMarquardt.h */,
			);
			name = Test;
			path = CoreARUnitTest/Test;
			sourceTree = "<group>";
		};
		148DF80D142196510011CF9F /* CoreAR */ = {
			isa = PBXGroup;
			children = (
				148DF80E142196710011CF9F /* CoreAR.h */,
				148DF7FB1421964D0011CF9F /* CRChainCode.cpp */,
				148DF7FC1421964D0011CF9F /* CRChainCode.h */,
				148DF7FD1421964D0011CF9F /* CRChainCodeBlob.cpp */,
				148DF7FE1421964D0011CF9F /* CRChainCodeBlob.h */,
				148DF7FF1421964D0011CF9F /* CRChainCodeElement.cpp */,
				148DF8001421964D0011CF9F /* CRChainCodeElement.h */,
				148DF8011421964D0011CF9F /* CRCode.cpp */,
				148DF8021421964D0011CF9F /* CRCode.h */,
				148DF80F142197770011CF9F /* CRCommon.h */,
				148DF8031421964D0011CF9F /* CRHomogeneousVec3.cpp */,
				148DF8041421964D0011CF9F /* CRHomogeneousVec3.h */,
				148DF8051421964D0011CF9F /* CRRodrigues.cpp */,
				148DF8061421964D0011CF9F /* CRRodrigues.h */,
				14E99B981422C9E900463FF4 /* CRLevenbergMarquardt.cpp */,
				14E99B9A1422C9FF00463FF4 /* CRLevenbergMarquardt.h */,
			);
			name = CoreAR;
			sourceTree = "<group>";
		};
/* End PBXGroup section */

/* Begin PBXNativeTarget section */
		1488137A14209C98004BCE14 /* CoreARUnitTest */ = {
			isa = PBXNativeTarget;
			buildConfigurationList = 1488138514209C98004BCE14 /* Build configuration list for PBXNativeTarget "CoreARUnitTest" */;
			buildPhases = (
				1488137714209C98004BCE14 /* Sources */,
				1488137814209C98004BCE14 /* Frameworks */,
				1488137914209C98004BCE14 /* CopyFiles */,
			);
			buildRules = (
			);
			dependencies = (
			);
			name = CoreARUnitTest;
			productName = CoreARUnitTest;
			productReference = 1488137B14209C98004BCE14 /* CoreARUnitTest */;
			productType = "com.apple.product-type.tool";
		};
/* End PBXNativeTarget section */

/* Begin PBXProject section */
		1488137214209C98004BCE14 /* Project object */ = {
			isa = PBXProject;
			attributes = {
				LastUpgradeCheck = 0420;
			};
			buildConfigurationList = 1488137514209C98004BCE14 /* Build configuration list for PBXProject "CoreARUnitTest" */;
			compatibilityVersion = "Xcode 3.2";
			developmentRegion = English;
			hasScannedForEncodings = 0;
			knownRegions = (
				en,
			);
			mainGroup = 1488137014209C98004BCE14;
			productRefGroup = 1488137C14209C98004BCE14 /* Products */;
			projectDirPath = "";
			projectRoot = "";
			targets = (
				1488137A14209C98004BCE14 /* CoreARUnitTest */,
			);
		};
/* End PBXProject section */

/* Begin PBXSourcesBuildPhase section */
		1488137714209C98004BCE14 /* Sources */ = {
			isa = PBXSourcesBuildPhase;
			buildActionMask = 2147483647;
			files = (
				1488138014209C98004BCE14 /* main.cpp in Sources */,
				148DF7F71421963A0011CF9F /* chaincode.cpp in Sources */,
				148DF7F81421963A0011CF9F /* corner.cpp in Sources */,
				148DF7F91421963A0011CF9F /* homography.cpp in Sources */,
				148DF7FA1421963A0011CF9F /* levenbergMarquardt.cpp in Sources */,
				148DF8071421964D0011CF9F /* CRChainCode.cpp in Sources */,
				148DF8081421964D0011CF9F /* CRChainCodeBlob.cpp in Sources */,
				148DF8091421964D0011CF9F /* CRChainCodeElement.cpp in Sources */,
				148DF80A1421964D0011CF9F /* CRCode.cpp in Sources */,
				148DF80B1421964D0011CF9F /* CRHomogeneousVec3.cpp in Sources */,
				148DF80C1421964D0011CF9F /* CRRodrigues.cpp in Sources */,
				148DF812142198DE0011CF9F /* CRTest.cpp in Sources */,
				148DF81A1421C5EC0011CF9F /* rodrigues.cpp in Sources */,
				14EAD6AA1421D3D400106D02 /* codeCropping.cpp in Sources */,
				14E99B991422C9E900463FF4 /* CRLevenbergMarquardt.cpp in Sources */,
			);
			runOnlyForDeploymentPostprocessing = 0;
		};
/* End PBXSourcesBuildPhase section */

/* Begin XCBuildConfiguration section */
		1488138314209C98004BCE14 /* Debug */ = {
			isa = XCBuildConfiguration;
			buildSettings = {
				ALWAYS_SEARCH_USER_PATHS = NO;
				ARCHS = "$(ARCHS_STANDARD_64_BIT)";
				COPY_PHASE_STRIP = NO;
				GCC_C_LANGUAGE_STANDARD = gnu99;
				GCC_DYNAMIC_NO_PIC = NO;
				GCC_ENABLE_OBJC_EXCEPTIONS = YES;
				GCC_OPTIMIZATION_LEVEL = 0;
				GCC_PREPROCESSOR_DEFINITIONS = (
					_DEBUG,
					"DEBUG=1",
					"$(inherited)",
				);
				GCC_SYMBOLS_PRIVATE_EXTERN = NO;
				GCC_VERSION = com.apple.compilers.llvm.clang.1_0;
				GCC_WARN_64_TO_32_BIT_CONVERSION = YES;
				GCC_WARN_ABOUT_MISSING_PROTOTYPES = YES;
				GCC_WARN_ABOUT_RETURN_TYPE = YES;
				GCC_WARN_UNUSED_VARIABLE = YES;
				HEADER_SEARCH_PATHS = /opt/local/include;
				LIBRARY_SEARCH_PATHS = /opt/local/lib;
				MACOSX_DEPLOYMENT_TARGET = 10.7;
				ONLY_ACTIVE_ARCH = YES;
				OTHER_LDFLAGS = "-ljpeg";
				SDKROOT = macosx;
			};
			name = Debug;
		};
		1488138414209C98004BCE14 /* Release */ = {
			isa = XCBuildConfiguration;
			buildSettings = {
				ALWAYS_SEARCH_USER_PATHS = NO;
				ARCHS = "$(ARCHS_STANDARD_64_BIT)";
				COPY_PHASE_STRIP = YES;
				DEBUG_INFORMATION_FORMAT = "dwarf-with-dsym";
				GCC_C_LANGUAGE_STANDARD = gnu99;
				GCC_ENABLE_OBJC_EXCEPTIONS = YES;
				GCC_VERSION = com.apple.compilers.llvm.clang.1_0;
				GCC_WARN_64_TO_32_BIT_CONVERSION = YES;
				GCC_WARN_ABOUT_MISSING_PROTOTYPES = YES;
				GCC_WARN_ABOUT_RETURN_TYPE = YES;
				GCC_WARN_UNUSED_VARIABLE = YES;
				HEADER_SEARCH_PATHS = /opt/local/include;
				LIBRARY_SEARCH_PATHS = /opt/local/lib;
				MACOSX_DEPLOYMENT_TARGET = 10.7;
				OTHER_LDFLAGS = "-ljpeg";
				SDKROOT = macosx;
			};
			name = Release;
		};
		1488138614209C98004BCE14 /* Debug */ = {
			isa = XCBuildConfiguration;
			buildSettings = {
				PRODUCT_NAME = "$(TARGET_NAME)";
			};
			name = Debug;
		};
		1488138714209C98004BCE14 /* Release */ = {
			isa = XCBuildConfiguration;
			buildSettings = {
				PRODUCT_NAME = "$(TARGET_NAME)";
			};
			name = Release;
		};
/* End XCBuildConfiguration section */

/* Begin XCConfigurationList section */
		1488137514209C98004BCE14 /* Build configuration list for PBXProject "CoreARUnitTest" */ = {
			isa = XCConfigurationList;
			buildConfigurations = (
				1488138314209C98004BCE14 /* Debug */,
				1488138414209C98004BCE14 /* Release */,
			);
			defaultConfigurationIsVisible = 0;
			defaultConfigurationName = Release;
		};
		1488138514209C98004BCE14 /* Build configuration list for PBXNativeTarget "CoreARUnitTest" */ = {
			isa = XCConfigurationList;
			buildConfigurations = (
				1488138614209C98004BCE14 /* Debug */,
				1488138714209C98004BCE14 /* Release */,
			);
			defaultConfigurationIsVisible = 0;
			defaultConfigurationName = Release;
		};
/* End XCConfigurationList section */
	};
	rootObject = 1488137214209C98004BCE14 /* Project object */;
}
