// !$*UTF8*$!
{
	archiveVersion = 1;
	classes = {
	};
	objectVersion = 46;
	objects = {

/* Begin PBXBuildFile section */
		148FE00113DD686400F2FCD8 /* main.cpp in Sources */ = {isa = PBXBuildFile; fileRef = 148FE00013DD686400F2FCD8 /* main.cpp */; };
		148FE00313DD686400F2FCD8 /* homography.1 in CopyFiles */ = {isa = PBXBuildFile; fileRef = 148FE00213DD686400F2FCD8 /* homography.1 */; };
		148FE01B13DD71BF00F2FCD8 /* CRChainCode.cpp in Sources */ = {isa = PBXBuildFile; fileRef = 148FE01113DD71BF00F2FCD8 /* CRChainCode.cpp */; };
		148FE01C13DD71BF00F2FCD8 /* CRChainCodeBlob.cpp in Sources */ = {isa = PBXBuildFile; fileRef = 148FE01313DD71BF00F2FCD8 /* CRChainCodeBlob.cpp */; };
		148FE01D13DD71BF00F2FCD8 /* CRChainCodeElement.cpp in Sources */ = {isa = PBXBuildFile; fileRef = 148FE01513DD71BF00F2FCD8 /* CRChainCodeElement.cpp */; };
		148FE01E13DD71BF00F2FCD8 /* CRCode.cpp in Sources */ = {isa = PBXBuildFile; fileRef = 148FE01713DD71BF00F2FCD8 /* CRCode.cpp */; };
		148FE01F13DD71BF00F2FCD8 /* CRHomogeneousVec3.cpp in Sources */ = {isa = PBXBuildFile; fileRef = 148FE01913DD71BF00F2FCD8 /* CRHomogeneousVec3.cpp */; };
		148FE02313DD71C700F2FCD8 /* CRTest.cpp in Sources */ = {isa = PBXBuildFile; fileRef = 148FE02013DD71C700F2FCD8 /* CRTest.cpp */; };
/* End PBXBuildFile section */

/* Begin PBXCopyFilesBuildPhase section */
		148FDFFA13DD686400F2FCD8 /* CopyFiles */ = {
			isa = PBXCopyFilesBuildPhase;
			buildActionMask = 2147483647;
			dstPath = /usr/share/man/man1/;
			dstSubfolderSpec = 0;
			files = (
				148FE00313DD686400F2FCD8 /* homography.1 in CopyFiles */,
			);
			runOnlyForDeploymentPostprocessing = 1;
		};
/* End PBXCopyFilesBuildPhase section */

/* Begin PBXFileReference section */
		148FDFFC13DD686400F2FCD8 /* homography */ = {isa = PBXFileReference; explicitFileType = "compiled.mach-o.executable"; includeInIndex = 0; path = homography; sourceTree = BUILT_PRODUCTS_DIR; };
		148FE00013DD686400F2FCD8 /* main.cpp */ = {isa = PBXFileReference; lastKnownFileType = sourcecode.cpp.cpp; path = main.cpp; sourceTree = "<group>"; };
		148FE00213DD686400F2FCD8 /* homography.1 */ = {isa = PBXFileReference; lastKnownFileType = text.man; path = homography.1; sourceTree = "<group>"; };
		148FE01113DD71BF00F2FCD8 /* CRChainCode.cpp */ = {isa = PBXFileReference; fileEncoding = 4; lastKnownFileType = sourcecode.cpp.cpp; name = CRChainCode.cpp; path = ../../CRChainCode.cpp; sourceTree = "<group>"; };
		148FE01213DD71BF00F2FCD8 /* CRChainCode.h */ = {isa = PBXFileReference; fileEncoding = 4; lastKnownFileType = sourcecode.c.h; name = CRChainCode.h; path = ../../CRChainCode.h; sourceTree = "<group>"; };
		148FE01313DD71BF00F2FCD8 /* CRChainCodeBlob.cpp */ = {isa = PBXFileReference; fileEncoding = 4; lastKnownFileType = sourcecode.cpp.cpp; name = CRChainCodeBlob.cpp; path = ../../CRChainCodeBlob.cpp; sourceTree = "<group>"; };
		148FE01413DD71BF00F2FCD8 /* CRChainCodeBlob.h */ = {isa = PBXFileReference; fileEncoding = 4; lastKnownFileType = sourcecode.c.h; name = CRChainCodeBlob.h; path = ../../CRChainCodeBlob.h; sourceTree = "<group>"; };
		148FE01513DD71BF00F2FCD8 /* CRChainCodeElement.cpp */ = {isa = PBXFileReference; fileEncoding = 4; lastKnownFileType = sourcecode.cpp.cpp; name = CRChainCodeElement.cpp; path = ../../CRChainCodeElement.cpp; sourceTree = "<group>"; };
		148FE01613DD71BF00F2FCD8 /* CRChainCodeElement.h */ = {isa = PBXFileReference; fileEncoding = 4; lastKnownFileType = sourcecode.c.h; name = CRChainCodeElement.h; path = ../../CRChainCodeElement.h; sourceTree = "<group>"; };
		148FE01713DD71BF00F2FCD8 /* CRCode.cpp */ = {isa = PBXFileReference; fileEncoding = 4; lastKnownFileType = sourcecode.cpp.cpp; name = CRCode.cpp; path = ../../CRCode.cpp; sourceTree = "<group>"; };
		148FE01813DD71BF00F2FCD8 /* CRCode.h */ = {isa = PBXFileReference; fileEncoding = 4; lastKnownFileType = sourcecode.c.h; name = CRCode.h; path = ../../CRCode.h; sourceTree = "<group>"; };
		148FE01913DD71BF00F2FCD8 /* CRHomogeneousVec3.cpp */ = {isa = PBXFileReference; fileEncoding = 4; lastKnownFileType = sourcecode.cpp.cpp; name = CRHomogeneousVec3.cpp; path = ../../CRHomogeneousVec3.cpp; sourceTree = "<group>"; };
		148FE01A13DD71BF00F2FCD8 /* CRHomogeneousVec3.h */ = {isa = PBXFileReference; fileEncoding = 4; lastKnownFileType = sourcecode.c.h; name = CRHomogeneousVec3.h; path = ../../CRHomogeneousVec3.h; sourceTree = "<group>"; };
		148FE02013DD71C700F2FCD8 /* CRTest.cpp */ = {isa = PBXFileReference; fileEncoding = 4; lastKnownFileType = sourcecode.cpp.cpp; name = CRTest.cpp; path = ../CRTest.cpp; sourceTree = "<group>"; };
		148FE02113DD71C700F2FCD8 /* CRTest.h */ = {isa = PBXFileReference; fileEncoding = 4; lastKnownFileType = sourcecode.c.h; name = CRTest.h; path = ../CRTest.h; sourceTree = "<group>"; };
		148FE02213DD71C700F2FCD8 /* test.pch */ = {isa = PBXFileReference; fileEncoding = 4; lastKnownFileType = sourcecode.c.h; name = test.pch; path = ../test.pch; sourceTree = "<group>"; };
/* End PBXFileReference section */

/* Begin PBXFrameworksBuildPhase section */
		148FDFF913DD686400F2FCD8 /* Frameworks */ = {
			isa = PBXFrameworksBuildPhase;
			buildActionMask = 2147483647;
			files = (
			);
			runOnlyForDeploymentPostprocessing = 0;
		};
/* End PBXFrameworksBuildPhase section */

/* Begin PBXGroup section */
		148FDFF113DD686400F2FCD8 = {
			isa = PBXGroup;
			children = (
				148FE00F13DD71A300F2FCD8 /* CoreAR */,
				148FE01013DD71AE00F2FCD8 /* test */,
				148FDFFF13DD686400F2FCD8 /* homography */,
				148FDFFD13DD686400F2FCD8 /* Products */,
			);
			sourceTree = "<group>";
		};
		148FDFFD13DD686400F2FCD8 /* Products */ = {
			isa = PBXGroup;
			children = (
				148FDFFC13DD686400F2FCD8 /* homography */,
			);
			name = Products;
			sourceTree = "<group>";
		};
		148FDFFF13DD686400F2FCD8 /* homography */ = {
			isa = PBXGroup;
			children = (
				148FE00013DD686400F2FCD8 /* main.cpp */,
				148FE00213DD686400F2FCD8 /* homography.1 */,
			);
			path = homography;
			sourceTree = "<group>";
		};
		148FE00F13DD71A300F2FCD8 /* CoreAR */ = {
			isa = PBXGroup;
			children = (
				148FE01713DD71BF00F2FCD8 /* CRCode.cpp */,
				148FE01813DD71BF00F2FCD8 /* CRCode.h */,
				148FE01113DD71BF00F2FCD8 /* CRChainCode.cpp */,
				148FE01213DD71BF00F2FCD8 /* CRChainCode.h */,
				148FE01313DD71BF00F2FCD8 /* CRChainCodeBlob.cpp */,
				148FE01413DD71BF00F2FCD8 /* CRChainCodeBlob.h */,
				148FE01513DD71BF00F2FCD8 /* CRChainCodeElement.cpp */,
				148FE01613DD71BF00F2FCD8 /* CRChainCodeElement.h */,
				148FE01913DD71BF00F2FCD8 /* CRHomogeneousVec3.cpp */,
				148FE01A13DD71BF00F2FCD8 /* CRHomogeneousVec3.h */,
			);
			name = CoreAR;
			sourceTree = "<group>";
		};
		148FE01013DD71AE00F2FCD8 /* test */ = {
			isa = PBXGroup;
			children = (
				148FE02013DD71C700F2FCD8 /* CRTest.cpp */,
				148FE02113DD71C700F2FCD8 /* CRTest.h */,
				148FE02213DD71C700F2FCD8 /* test.pch */,
			);
			name = test;
			sourceTree = "<group>";
		};
/* End PBXGroup section */

/* Begin PBXNativeTarget section */
		148FDFFB13DD686400F2FCD8 /* homography */ = {
			isa = PBXNativeTarget;
			buildConfigurationList = 148FE00613DD686400F2FCD8 /* Build configuration list for PBXNativeTarget "homography" */;
			buildPhases = (
				148FDFF813DD686400F2FCD8 /* Sources */,
				148FDFF913DD686400F2FCD8 /* Frameworks */,
				148FDFFA13DD686400F2FCD8 /* CopyFiles */,
			);
			buildRules = (
			);
			dependencies = (
			);
			name = homography;
			productName = homography;
			productReference = 148FDFFC13DD686400F2FCD8 /* homography */;
			productType = "com.apple.product-type.tool";
		};
/* End PBXNativeTarget section */

/* Begin PBXProject section */
		148FDFF313DD686400F2FCD8 /* Project object */ = {
			isa = PBXProject;
			attributes = {
				LastUpgradeCheck = 0420;
			};
			buildConfigurationList = 148FDFF613DD686400F2FCD8 /* Build configuration list for PBXProject "homography" */;
			compatibilityVersion = "Xcode 3.2";
			developmentRegion = English;
			hasScannedForEncodings = 0;
			knownRegions = (
				en,
			);
			mainGroup = 148FDFF113DD686400F2FCD8;
			productRefGroup = 148FDFFD13DD686400F2FCD8 /* Products */;
			projectDirPath = "";
			projectRoot = "";
			targets = (
				148FDFFB13DD686400F2FCD8 /* homography */,
			);
		};
/* End PBXProject section */

/* Begin PBXSourcesBuildPhase section */
		148FDFF813DD686400F2FCD8 /* Sources */ = {
			isa = PBXSourcesBuildPhase;
			buildActionMask = 2147483647;
			files = (
				148FE00113DD686400F2FCD8 /* main.cpp in Sources */,
				148FE01B13DD71BF00F2FCD8 /* CRChainCode.cpp in Sources */,
				148FE01C13DD71BF00F2FCD8 /* CRChainCodeBlob.cpp in Sources */,
				148FE01D13DD71BF00F2FCD8 /* CRChainCodeElement.cpp in Sources */,
				148FE01E13DD71BF00F2FCD8 /* CRCode.cpp in Sources */,
				148FE01F13DD71BF00F2FCD8 /* CRHomogeneousVec3.cpp in Sources */,
				148FE02313DD71C700F2FCD8 /* CRTest.cpp in Sources */,
			);
			runOnlyForDeploymentPostprocessing = 0;
		};
/* End PBXSourcesBuildPhase section */

/* Begin XCBuildConfiguration section */
		148FE00413DD686400F2FCD8 /* Debug */ = {
			isa = XCBuildConfiguration;
			buildSettings = {
				ALWAYS_SEARCH_USER_PATHS = NO;
				ARCHS = "$(ARCHS_STANDARD_64_BIT)";
				COPY_PHASE_STRIP = NO;
				GCC_C_LANGUAGE_STANDARD = gnu99;
				GCC_DYNAMIC_NO_PIC = NO;
				GCC_ENABLE_OBJC_EXCEPTIONS = YES;
				GCC_OPTIMIZATION_LEVEL = 0;
				GCC_PREFIX_HEADER = ../test.pch;
				GCC_PREPROCESSOR_DEFINITIONS = (
					_DEBUG,
					"DEBUG=1",
					"$(inherited)",
				);
				GCC_SYMBOLS_PRIVATE_EXTERN = NO;
				GCC_VERSION = com.apple.compilers.llvm.clang.1_0;
				GCC_WARN_64_TO_32_BIT_CONVERSION = YES;
				GCC_WARN_ABOUT_MISSING_PROTOTYPES = YES;
				GCC_WARN_ABOUT_RETURN_TYPE = YES;
				GCC_WARN_UNUSED_VARIABLE = YES;
				MACOSX_DEPLOYMENT_TARGET = 10.7;
				ONLY_ACTIVE_ARCH = YES;
				SDKROOT = macosx;
			};
			name = Debug;
		};
		148FE00513DD686400F2FCD8 /* Release */ = {
			isa = XCBuildConfiguration;
			buildSettings = {
				ALWAYS_SEARCH_USER_PATHS = NO;
				ARCHS = "$(ARCHS_STANDARD_64_BIT)";
				COPY_PHASE_STRIP = YES;
				DEBUG_INFORMATION_FORMAT = "dwarf-with-dsym";
				GCC_C_LANGUAGE_STANDARD = gnu99;
				GCC_ENABLE_OBJC_EXCEPTIONS = YES;
				GCC_PREFIX_HEADER = ../test.pch;
				GCC_VERSION = com.apple.compilers.llvm.clang.1_0;
				GCC_WARN_64_TO_32_BIT_CONVERSION = YES;
				GCC_WARN_ABOUT_MISSING_PROTOTYPES = YES;
				GCC_WARN_ABOUT_RETURN_TYPE = YES;
				GCC_WARN_UNUSED_VARIABLE = YES;
				MACOSX_DEPLOYMENT_TARGET = 10.7;
				SDKROOT = macosx;
			};
			name = Release;
		};
		148FE00713DD686400F2FCD8 /* Debug */ = {
			isa = XCBuildConfiguration;
			buildSettings = {
				PRODUCT_NAME = "$(TARGET_NAME)";
			};
			name = Debug;
		};
		148FE00813DD686400F2FCD8 /* Release */ = {
			isa = XCBuildConfiguration;
			buildSettings = {
				PRODUCT_NAME = "$(TARGET_NAME)";
			};
			name = Release;
		};
/* End XCBuildConfiguration section */

/* Begin XCConfigurationList section */
		148FDFF613DD686400F2FCD8 /* Build configuration list for PBXProject "homography" */ = {
			isa = XCConfigurationList;
			buildConfigurations = (
				148FE00413DD686400F2FCD8 /* Debug */,
				148FE00513DD686400F2FCD8 /* Release */,
			);
			defaultConfigurationIsVisible = 0;
			defaultConfigurationName = Release;
		};
		148FE00613DD686400F2FCD8 /* Build configuration list for PBXNativeTarget "homography" */ = {
			isa = XCConfigurationList;
			buildConfigurations = (
				148FE00713DD686400F2FCD8 /* Debug */,
				148FE00813DD686400F2FCD8 /* Release */,
			);
			defaultConfigurationIsVisible = 0;
			defaultConfigurationName = Release;
		};
/* End XCConfigurationList section */
	};
	rootObject = 148FDFF313DD686400F2FCD8 /* Project object */;
}
