// !$*UTF8*$!
{
	archiveVersion = 1;
	classes = {
	};
	objectVersion = 45;
	objects = {

/* Begin PBXBuildFile section */
		140FEFCF127E50E500F62662 /* InfoPlist.strings in Resources */ = {isa = PBXBuildFile; fileRef = 140FEFC8127E50E500F62662 /* InfoPlist.strings */; };
		140FEFD0127E50E500F62662 /* MainMenu.xib in Resources */ = {isa = PBXBuildFile; fileRef = 140FEFCA127E50E500F62662 /* MainMenu.xib */; };
		14199EC412B4BA4100B02B94 /* code02.png in Resources */ = {isa = PBXBuildFile; fileRef = 14199EC212B4BA4100B02B94 /* code02.png */; };
		141C372912B3B563006162FA /* Accelerate.framework in Frameworks */ = {isa = PBXBuildFile; fileRef = 141C372812B3B563006162FA /* Accelerate.framework */; };
		1436AF38130029C00034BE08 /* common.c in Sources */ = {isa = PBXBuildFile; fileRef = 1436AF30130029C00034BE08 /* common.c */; };
		1436AF39130029C00034BE08 /* glcube.c in Sources */ = {isa = PBXBuildFile; fileRef = 1436AF33130029C00034BE08 /* glcube.c */; };
		1436AF3A130029C00034BE08 /* glteapot.c in Sources */ = {isa = PBXBuildFile; fileRef = 1436AF35130029C00034BE08 /* glteapot.c */; };
		144A79E912CEE5C100FBC73A /* camera.qtz in Resources */ = {isa = PBXBuildFile; fileRef = 144A79DA12CEE5C100FBC73A /* camera.qtz */; };
		144A79EA12CEE5C100FBC73A /* CameraController.m in Sources */ = {isa = PBXBuildFile; fileRef = 144A79DC12CEE5C100FBC73A /* CameraController.m */; };
		144A79EB12CEE5C100FBC73A /* dummy.qtz in Resources */ = {isa = PBXBuildFile; fileRef = 144A79DD12CEE5C100FBC73A /* dummy.qtz */; };
		144A79EC12CEE5C100FBC73A /* CameraCaptureAppDelegate.m in Sources */ = {isa = PBXBuildFile; fileRef = 144A79DF12CEE5C100FBC73A /* CameraCaptureAppDelegate.m */; };
		144A79ED12CEE5C100FBC73A /* DevCameraController.m in Sources */ = {isa = PBXBuildFile; fileRef = 144A79E112CEE5C100FBC73A /* DevCameraController.m */; };
		144A79EE12CEE5C100FBC73A /* GLView.m in Sources */ = {isa = PBXBuildFile; fileRef = 144A79E412CEE5C100FBC73A /* GLView.m */; };
		144A79EF12CEE5C100FBC73A /* MyGLView.m in Sources */ = {isa = PBXBuildFile; fileRef = 144A79E612CEE5C100FBC73A /* MyGLView.m */; };
		1479A49212E53931006B62E1 /* chaincode.c in Sources */ = {isa = PBXBuildFile; fileRef = 1479A37212E53931006B62E1 /* chaincode.c */; };
		1479A49612E53931006B62E1 /* code.c in Sources */ = {isa = PBXBuildFile; fileRef = 1479A37B12E53931006B62E1 /* code.c */; };
		1479A49712E53931006B62E1 /* codeImageTemplate.c in Sources */ = {isa = PBXBuildFile; fileRef = 1479A37D12E53931006B62E1 /* codeImageTemplate.c */; };
		1479A49B12E53931006B62E1 /* denoiseWithContractionAndExpansion.c in Sources */ = {isa = PBXBuildFile; fileRef = 1479A38712E53931006B62E1 /* denoiseWithContractionAndExpansion.c */; };
		1482466A12EEC001003CFC32 /* ARicon.icns in Resources */ = {isa = PBXBuildFile; fileRef = 1482466912EEC001003CFC32 /* ARicon.icns */; };
		14923EC212F113D100FDA554 /* corner.c in Sources */ = {isa = PBXBuildFile; fileRef = 14923EC012F113D100FDA554 /* corner.c */; };
		14A5BD10127B32A900B8AA2F /* OpenGL.framework in Frameworks */ = {isa = PBXBuildFile; fileRef = 14A5BD0F127B32A900B8AA2F /* OpenGL.framework */; };
		14A5BD12127B32A900B8AA2F /* Quartz.framework in Frameworks */ = {isa = PBXBuildFile; fileRef = 14A5BD11127B32A900B8AA2F /* Quartz.framework */; };
		14A61D571315546E00A797F0 /* code03.png in Resources */ = {isa = PBXBuildFile; fileRef = 14A61D551315546E00A797F0 /* code03.png */; };
		14A61D581315546E00A797F0 /* code04.png in Resources */ = {isa = PBXBuildFile; fileRef = 14A61D561315546E00A797F0 /* code04.png */; };
		14D7E6CA12C5BD0900A2A047 /* GLUT.framework in Frameworks */ = {isa = PBXBuildFile; fileRef = 14D7E6C912C5BD0900A2A047 /* GLUT.framework */; };
		8D11072D0486CEB800E47090 /* main.m in Sources */ = {isa = PBXBuildFile; fileRef = 29B97316FDCFA39411CA2CEA /* main.m */; settings = {ATTRIBUTES = (); }; };
		8D11072F0486CEB800E47090 /* Cocoa.framework in Frameworks */ = {isa = PBXBuildFile; fileRef = 1058C7A1FEA54F0111CA2CBB /* Cocoa.framework */; };
/* End PBXBuildFile section */

/* Begin PBXFileReference section */
		1058C7A1FEA54F0111CA2CBB /* Cocoa.framework */ = {isa = PBXFileReference; lastKnownFileType = wrapper.framework; name = Cocoa.framework; path = /System/Library/Frameworks/Cocoa.framework; sourceTree = "<absolute>"; };
		13E42FB307B3F0F600E4EEF1 /* CoreData.framework */ = {isa = PBXFileReference; lastKnownFileType = wrapper.framework; name = CoreData.framework; path = /System/Library/Frameworks/CoreData.framework; sourceTree = "<absolute>"; };
		140FEFC9127E50E500F62662 /* English */ = {isa = PBXFileReference; fileEncoding = 4; lastKnownFileType = text.plist.strings; name = English; path = English.lproj/InfoPlist.strings; sourceTree = "<group>"; };
		140FEFCB127E50E500F62662 /* English */ = {isa = PBXFileReference; lastKnownFileType = file.xib; name = English; path = English.lproj/MainMenu.xib; sourceTree = "<group>"; };
		14199EC212B4BA4100B02B94 /* code02.png */ = {isa = PBXFileReference; lastKnownFileType = image.png; name = code02.png; path = ../resource/code02.png; sourceTree = SOURCE_ROOT; };
		141C372812B3B563006162FA /* Accelerate.framework */ = {isa = PBXFileReference; lastKnownFileType = wrapper.framework; name = Accelerate.framework; path = System/Library/Frameworks/Accelerate.framework; sourceTree = SDKROOT; };
		1436AF30130029C00034BE08 /* common.c */ = {isa = PBXFileReference; fileEncoding = 4; lastKnownFileType = sourcecode.c.c; path = common.c; sourceTree = "<group>"; };
		1436AF31130029C00034BE08 /* common.h */ = {isa = PBXFileReference; fileEncoding = 4; lastKnownFileType = sourcecode.c.h; path = common.h; sourceTree = "<group>"; };
		1436AF33130029C00034BE08 /* glcube.c */ = {isa = PBXFileReference; fileEncoding = 4; lastKnownFileType = sourcecode.c.c; path = glcube.c; sourceTree = "<group>"; };
		1436AF34130029C00034BE08 /* glcube.h */ = {isa = PBXFileReference; fileEncoding = 4; lastKnownFileType = sourcecode.c.h; path = glcube.h; sourceTree = "<group>"; };
		1436AF35130029C00034BE08 /* glteapot.c */ = {isa = PBXFileReference; fileEncoding = 4; lastKnownFileType = sourcecode.c.c; path = glteapot.c; sourceTree = "<group>"; };
		1436AF36130029C00034BE08 /* glteapot.h */ = {isa = PBXFileReference; fileEncoding = 4; lastKnownFileType = sourcecode.c.h; path = glteapot.h; sourceTree = "<group>"; };
		1436AF37130029C00034BE08 /* teapot.h */ = {isa = PBXFileReference; fileEncoding = 4; lastKnownFileType = sourcecode.c.h; path = teapot.h; sourceTree = "<group>"; };
		144A79DA12CEE5C100FBC73A /* camera.qtz */ = {isa = PBXFileReference; lastKnownFileType = "video.quartz-composer"; path = camera.qtz; sourceTree = "<group>"; };
		144A79DB12CEE5C100FBC73A /* CameraController.h */ = {isa = PBXFileReference; fileEncoding = 4; lastKnownFileType = sourcecode.c.h; path = CameraController.h; sourceTree = "<group>"; };
		144A79DC12CEE5C100FBC73A /* CameraController.m */ = {isa = PBXFileReference; fileEncoding = 4; lastKnownFileType = sourcecode.c.objc; path = CameraController.m; sourceTree = "<group>"; };
		144A79DD12CEE5C100FBC73A /* dummy.qtz */ = {isa = PBXFileReference; lastKnownFileType = "video.quartz-composer"; path = dummy.qtz; sourceTree = "<group>"; };
		144A79DE12CEE5C100FBC73A /* CameraCaptureAppDelegate.h */ = {isa = PBXFileReference; fileEncoding = 4; lastKnownFileType = sourcecode.c.h; path = CameraCaptureAppDelegate.h; sourceTree = "<group>"; };
		144A79DF12CEE5C100FBC73A /* CameraCaptureAppDelegate.m */ = {isa = PBXFileReference; fileEncoding = 4; lastKnownFileType = sourcecode.c.objc; path = CameraCaptureAppDelegate.m; sourceTree = "<group>"; };
		144A79E012CEE5C100FBC73A /* DevCameraController.h */ = {isa = PBXFileReference; fileEncoding = 4; lastKnownFileType = sourcecode.c.h; path = DevCameraController.h; sourceTree = "<group>"; };
		144A79E112CEE5C100FBC73A /* DevCameraController.m */ = {isa = PBXFileReference; fileEncoding = 4; lastKnownFileType = sourcecode.c.objc; path = DevCameraController.m; sourceTree = "<group>"; };
		144A79E312CEE5C100FBC73A /* GLView.h */ = {isa = PBXFileReference; fileEncoding = 4; lastKnownFileType = sourcecode.c.h; path = GLView.h; sourceTree = "<group>"; };
		144A79E412CEE5C100FBC73A /* GLView.m */ = {isa = PBXFileReference; fileEncoding = 4; lastKnownFileType = sourcecode.c.objc; path = GLView.m; sourceTree = "<group>"; };
		144A79E512CEE5C100FBC73A /* MyGLView.h */ = {isa = PBXFileReference; fileEncoding = 4; lastKnownFileType = sourcecode.c.h; path = MyGLView.h; sourceTree = "<group>"; };
		144A79E612CEE5C100FBC73A /* MyGLView.m */ = {isa = PBXFileReference; fileEncoding = 4; lastKnownFileType = sourcecode.c.objc; path = MyGLView.m; sourceTree = "<group>"; usesTabs = 1; };
		1479A1E112E499A9006B62E1 /* AR_Prefix.pch */ = {isa = PBXFileReference; fileEncoding = 4; lastKnownFileType = sourcecode.c.h; path = AR_Prefix.pch; sourceTree = "<group>"; };
		1479A1E212E499A9006B62E1 /* AR-Info.plist */ = {isa = PBXFileReference; fileEncoding = 4; lastKnownFileType = text.plist.xml; path = "AR-Info.plist"; sourceTree = "<group>"; };
		1479A27812E53931006B62E1 /* ar.h */ = {isa = PBXFileReference; fileEncoding = 4; lastKnownFileType = sourcecode.c.h; path = ar.h; sourceTree = "<group>"; };
		1479A37212E53931006B62E1 /* chaincode.c */ = {isa = PBXFileReference; fileEncoding = 4; lastKnownFileType = sourcecode.c.c; path = chaincode.c; sourceTree = "<group>"; };
		1479A37312E53931006B62E1 /* chaincode.h */ = {isa = PBXFileReference; fileEncoding = 4; lastKnownFileType = sourcecode.c.h; path = chaincode.h; sourceTree = "<group>"; };
		1479A37B12E53931006B62E1 /* code.c */ = {isa = PBXFileReference; fileEncoding = 4; lastKnownFileType = sourcecode.c.c; path = code.c; sourceTree = "<group>"; usesTabs = 1; };
		1479A37C12E53931006B62E1 /* code.h */ = {isa = PBXFileReference; fileEncoding = 4; lastKnownFileType = sourcecode.c.h; path = code.h; sourceTree = "<group>"; };
		1479A37D12E53931006B62E1 /* codeImageTemplate.c */ = {isa = PBXFileReference; fileEncoding = 4; lastKnownFileType = sourcecode.c.c; path = codeImageTemplate.c; sourceTree = "<group>"; usesTabs = 1; };
		1479A37E12E53931006B62E1 /* codeImageTemplate.h */ = {isa = PBXFileReference; fileEncoding = 4; lastKnownFileType = sourcecode.c.h; path = codeImageTemplate.h; sourceTree = "<group>"; };
		1479A38712E53931006B62E1 /* denoiseWithContractionAndExpansion.c */ = {isa = PBXFileReference; fileEncoding = 4; lastKnownFileType = sourcecode.c.c; path = denoiseWithContractionAndExpansion.c; sourceTree = "<group>"; };
		1479A38812E53931006B62E1 /* denoiseWithContractionAndExpansion.h */ = {isa = PBXFileReference; fileEncoding = 4; lastKnownFileType = sourcecode.c.h; path = denoiseWithContractionAndExpansion.h; sourceTree = "<group>"; };
		1479A39E12E53931006B62E1 /* prepro.h */ = {isa = PBXFileReference; fileEncoding = 4; lastKnownFileType = sourcecode.c.h; path = prepro.h; sourceTree = "<group>"; };
		1482466912EEC001003CFC32 /* ARicon.icns */ = {isa = PBXFileReference; lastKnownFileType = image.icns; path = ARicon.icns; sourceTree = "<group>"; };
		14923EC012F113D100FDA554 /* corner.c */ = {isa = PBXFileReference; fileEncoding = 4; lastKnownFileType = sourcecode.c.c; path = corner.c; sourceTree = "<group>"; };
		14923EC112F113D100FDA554 /* corner.h */ = {isa = PBXFileReference; fileEncoding = 4; lastKnownFileType = sourcecode.c.h; path = corner.h; sourceTree = "<group>"; };
		14A5BD0F127B32A900B8AA2F /* OpenGL.framework */ = {isa = PBXFileReference; lastKnownFileType = wrapper.framework; name = OpenGL.framework; path = System/Library/Frameworks/OpenGL.framework; sourceTree = SDKROOT; };
		14A5BD11127B32A900B8AA2F /* Quartz.framework */ = {isa = PBXFileReference; lastKnownFileType = wrapper.framework; name = Quartz.framework; path = System/Library/Frameworks/Quartz.framework; sourceTree = SDKROOT; };
		14A61D551315546E00A797F0 /* code03.png */ = {isa = PBXFileReference; lastKnownFileType = image.png; name = code03.png; path = ../../resource/code03.png; sourceTree = "<group>"; };
		14A61D561315546E00A797F0 /* code04.png */ = {isa = PBXFileReference; lastKnownFileType = image.png; name = code04.png; path = ../../resource/code04.png; sourceTree = "<group>"; };
		14D7E6C912C5BD0900A2A047 /* GLUT.framework */ = {isa = PBXFileReference; lastKnownFileType = wrapper.framework; name = GLUT.framework; path = System/Library/Frameworks/GLUT.framework; sourceTree = SDKROOT; };
		29B97316FDCFA39411CA2CEA /* main.m */ = {isa = PBXFileReference; fileEncoding = 4; lastKnownFileType = sourcecode.c.objc; path = main.m; sourceTree = "<group>"; };
		29B97324FDCFA39411CA2CEA /* AppKit.framework */ = {isa = PBXFileReference; lastKnownFileType = wrapper.framework; name = AppKit.framework; path = /System/Library/Frameworks/AppKit.framework; sourceTree = "<absolute>"; };
		29B97325FDCFA39411CA2CEA /* Foundation.framework */ = {isa = PBXFileReference; lastKnownFileType = wrapper.framework; name = Foundation.framework; path = /System/Library/Frameworks/Foundation.framework; sourceTree = "<absolute>"; };
		8D1107320486CEB800E47090 /* AR.app */ = {isa = PBXFileReference; explicitFileType = wrapper.application; includeInIndex = 0; path = AR.app; sourceTree = BUILT_PRODUCTS_DIR; };
/* End PBXFileReference section */

/* Begin PBXFrameworksBuildPhase section */
		8D11072E0486CEB800E47090 /* Frameworks */ = {
			isa = PBXFrameworksBuildPhase;
			buildActionMask = 2147483647;
			files = (
				8D11072F0486CEB800E47090 /* Cocoa.framework in Frameworks */,
				14A5BD10127B32A900B8AA2F /* OpenGL.framework in Frameworks */,
				14A5BD12127B32A900B8AA2F /* Quartz.framework in Frameworks */,
				141C372912B3B563006162FA /* Accelerate.framework in Frameworks */,
				14D7E6CA12C5BD0900A2A047 /* GLUT.framework in Frameworks */,
			);
			runOnlyForDeploymentPostprocessing = 0;
		};
/* End PBXFrameworksBuildPhase section */

/* Begin PBXGroup section */
		140FEFC7127E50E500F62662 /* Resources */ = {
			isa = PBXGroup;
			children = (
				14A61D551315546E00A797F0 /* code03.png */,
				14A61D561315546E00A797F0 /* code04.png */,
				1482466912EEC001003CFC32 /* ARicon.icns */,
				14199EC212B4BA4100B02B94 /* code02.png */,
				140FEFC8127E50E500F62662 /* InfoPlist.strings */,
				140FEFCA127E50E500F62662 /* MainMenu.xib */,
			);
			path = Resources;
			sourceTree = "<group>";
		};
		1436AF32130029C00034BE08 /* gl */ = {
			isa = PBXGroup;
			children = (
				1436AF33130029C00034BE08 /* glcube.c */,
				1436AF34130029C00034BE08 /* glcube.h */,
				1436AF35130029C00034BE08 /* glteapot.c */,
				1436AF36130029C00034BE08 /* glteapot.h */,
				1436AF37130029C00034BE08 /* teapot.h */,
			);
			path = gl;
			sourceTree = "<group>";
		};
		144A79D812CEE5C100FBC73A /* Classes */ = {
			isa = PBXGroup;
			children = (
				144A79E212CEE5C100FBC73A /* gl */,
				144A79D912CEE5C100FBC73A /* Camera */,
				144A79DE12CEE5C100FBC73A /* CameraCaptureAppDelegate.h */,
				144A79DF12CEE5C100FBC73A /* CameraCaptureAppDelegate.m */,
				144A79E012CEE5C100FBC73A /* DevCameraController.h */,
				144A79E112CEE5C100FBC73A /* DevCameraController.m */,
			);
			path = Classes;
			sourceTree = "<group>";
		};
		144A79D912CEE5C100FBC73A /* Camera */ = {
			isa = PBXGroup;
			children = (
				144A79DA12CEE5C100FBC73A /* camera.qtz */,
				144A79DD12CEE5C100FBC73A /* dummy.qtz */,
				144A79DB12CEE5C100FBC73A /* CameraController.h */,
				144A79DC12CEE5C100FBC73A /* CameraController.m */,
			);
			path = Camera;
			sourceTree = "<group>";
		};
		144A79E212CEE5C100FBC73A /* gl */ = {
			isa = PBXGroup;
			children = (
				144A79E312CEE5C100FBC73A /* GLView.h */,
				144A79E412CEE5C100FBC73A /* GLView.m */,
				144A79E512CEE5C100FBC73A /* MyGLView.h */,
				144A79E612CEE5C100FBC73A /* MyGLView.m */,
			);
			path = gl;
			sourceTree = "<group>";
		};
		1479A27712E53931006B62E1 /* CoreAR */ = {
			isa = PBXGroup;
			children = (
				1436AF30130029C00034BE08 /* common.c */,
				1436AF31130029C00034BE08 /* common.h */,
				1436AF32130029C00034BE08 /* gl */,
				1479A39E12E53931006B62E1 /* prepro.h */,
				1479A27812E53931006B62E1 /* ar.h */,
				14923EC012F113D100FDA554 /* corner.c */,
				14923EC112F113D100FDA554 /* corner.h */,
				1479A37212E53931006B62E1 /* chaincode.c */,
				1479A37312E53931006B62E1 /* chaincode.h */,
				1479A37B12E53931006B62E1 /* code.c */,
				1479A37C12E53931006B62E1 /* code.h */,
				1479A37D12E53931006B62E1 /* codeImageTemplate.c */,
				1479A37E12E53931006B62E1 /* codeImageTemplate.h */,
				1479A38712E53931006B62E1 /* denoiseWithContractionAndExpansion.c */,
				1479A38812E53931006B62E1 /* denoiseWithContractionAndExpansion.h */,
			);
			name = CoreAR;
			path = ../CoreAR;
			sourceTree = SOURCE_ROOT;
		};
		19C28FACFE9D520D11CA2CBB /* Products */ = {
			isa = PBXGroup;
			children = (
				8D1107320486CEB800E47090 /* AR.app */,
			);
			name = Products;
			sourceTree = "<group>";
		};
		29B97314FDCFA39411CA2CEA /* CameraCapture */ = {
			isa = PBXGroup;
			children = (
				1479A27712E53931006B62E1 /* CoreAR */,
				144A79D812CEE5C100FBC73A /* Classes */,
				140FEFC7127E50E500F62662 /* Resources */,
				29B97315FDCFA39411CA2CEA /* Other Sources */,
				29B97323FDCFA39411CA2CEA /* Frameworks */,
				19C28FACFE9D520D11CA2CBB /* Products */,
			);
			name = CameraCapture;
			sourceTree = "<group>";
		};
		29B97315FDCFA39411CA2CEA /* Other Sources */ = {
			isa = PBXGroup;
			children = (
				1479A1E112E499A9006B62E1 /* AR_Prefix.pch */,
				1479A1E212E499A9006B62E1 /* AR-Info.plist */,
				29B97316FDCFA39411CA2CEA /* main.m */,
			);
			name = "Other Sources";
			sourceTree = "<group>";
		};
		29B97323FDCFA39411CA2CEA /* Frameworks */ = {
			isa = PBXGroup;
			children = (
				14A5BD0F127B32A900B8AA2F /* OpenGL.framework */,
				14A5BD11127B32A900B8AA2F /* Quartz.framework */,
				141C372812B3B563006162FA /* Accelerate.framework */,
				1058C7A1FEA54F0111CA2CBB /* Cocoa.framework */,
				14D7E6C912C5BD0900A2A047 /* GLUT.framework */,
				29B97324FDCFA39411CA2CEA /* AppKit.framework */,
				13E42FB307B3F0F600E4EEF1 /* CoreData.framework */,
				29B97325FDCFA39411CA2CEA /* Foundation.framework */,
			);
			name = Frameworks;
			sourceTree = "<group>";
		};
/* End PBXGroup section */

/* Begin PBXNativeTarget section */
		8D1107260486CEB800E47090 /* AR */ = {
			isa = PBXNativeTarget;
			buildConfigurationList = C01FCF4A08A954540054247B /* Build configuration list for PBXNativeTarget "AR" */;
			buildPhases = (
				8D1107290486CEB800E47090 /* Resources */,
				8D11072C0486CEB800E47090 /* Sources */,
				8D11072E0486CEB800E47090 /* Frameworks */,
			);
			buildRules = (
			);
			dependencies = (
			);
			name = AR;
			productInstallPath = "$(HOME)/Applications";
			productName = CameraCapture;
			productReference = 8D1107320486CEB800E47090 /* AR.app */;
			productType = "com.apple.product-type.application";
		};
/* End PBXNativeTarget section */

/* Begin PBXProject section */
		29B97313FDCFA39411CA2CEA /* Project object */ = {
			isa = PBXProject;
			buildConfigurationList = C01FCF4E08A954540054247B /* Build configuration list for PBXProject "AR" */;
			compatibilityVersion = "Xcode 3.1";
			developmentRegion = English;
			hasScannedForEncodings = 1;
			knownRegions = (
				English,
				Japanese,
				French,
				German,
			);
			mainGroup = 29B97314FDCFA39411CA2CEA /* CameraCapture */;
			projectDirPath = "";
			projectRoot = "";
			targets = (
				8D1107260486CEB800E47090 /* AR */,
			);
		};
/* End PBXProject section */

/* Begin PBXResourcesBuildPhase section */
		8D1107290486CEB800E47090 /* Resources */ = {
			isa = PBXResourcesBuildPhase;
			buildActionMask = 2147483647;
			files = (
				140FEFCF127E50E500F62662 /* InfoPlist.strings in Resources */,
				140FEFD0127E50E500F62662 /* MainMenu.xib in Resources */,
				14199EC412B4BA4100B02B94 /* code02.png in Resources */,
				144A79E912CEE5C100FBC73A /* camera.qtz in Resources */,
				144A79EB12CEE5C100FBC73A /* dummy.qtz in Resources */,
				1482466A12EEC001003CFC32 /* ARicon.icns in Resources */,
				14A61D571315546E00A797F0 /* code03.png in Resources */,
				14A61D581315546E00A797F0 /* code04.png in Resources */,
			);
			runOnlyForDeploymentPostprocessing = 0;
		};
/* End PBXResourcesBuildPhase section */

/* Begin PBXSourcesBuildPhase section */
		8D11072C0486CEB800E47090 /* Sources */ = {
			isa = PBXSourcesBuildPhase;
			buildActionMask = 2147483647;
			files = (
				8D11072D0486CEB800E47090 /* main.m in Sources */,
				144A79EA12CEE5C100FBC73A /* CameraController.m in Sources */,
				144A79EC12CEE5C100FBC73A /* CameraCaptureAppDelegate.m in Sources */,
				144A79ED12CEE5C100FBC73A /* DevCameraController.m in Sources */,
				144A79EE12CEE5C100FBC73A /* GLView.m in Sources */,
				144A79EF12CEE5C100FBC73A /* MyGLView.m in Sources */,
				1479A49212E53931006B62E1 /* chaincode.c in Sources */,
				1479A49612E53931006B62E1 /* code.c in Sources */,
				1479A49712E53931006B62E1 /* codeImageTemplate.c in Sources */,
				1479A49B12E53931006B62E1 /* denoiseWithContractionAndExpansion.c in Sources */,
				14923EC212F113D100FDA554 /* corner.c in Sources */,
				1436AF38130029C00034BE08 /* common.c in Sources */,
				1436AF39130029C00034BE08 /* glcube.c in Sources */,
				1436AF3A130029C00034BE08 /* glteapot.c in Sources */,
			);
			runOnlyForDeploymentPostprocessing = 0;
		};
/* End PBXSourcesBuildPhase section */

/* Begin PBXVariantGroup section */
		140FEFC8127E50E500F62662 /* InfoPlist.strings */ = {
			isa = PBXVariantGroup;
			children = (
				140FEFC9127E50E500F62662 /* English */,
			);
			name = InfoPlist.strings;
			sourceTree = "<group>";
		};
		140FEFCA127E50E500F62662 /* MainMenu.xib */ = {
			isa = PBXVariantGroup;
			children = (
				140FEFCB127E50E500F62662 /* English */,
			);
			name = MainMenu.xib;
			sourceTree = "<group>";
		};
/* End PBXVariantGroup section */

/* Begin XCBuildConfiguration section */
		140E249512AE2557009FCCD1 /* DebugStaticImage */ = {
			isa = XCBuildConfiguration;
			buildSettings = {
				ARCHS = "$(ARCHS_STANDARD_32_64_BIT)";
				GCC_C_LANGUAGE_STANDARD = gnu99;
				GCC_OPTIMIZATION_LEVEL = 0;
				GCC_PREPROCESSOR_DEFINITIONS = (
					_USE_STATIC_IMAGE,
					_DEBUG,
				);
				GCC_WARN_ABOUT_RETURN_TYPE = YES;
				GCC_WARN_UNUSED_VARIABLE = YES;
				ONLY_ACTIVE_ARCH = YES;
				PREBINDING = NO;
				SDKROOT = macosx10.6;
			};
			name = DebugStaticImage;
		};
		140E249612AE2557009FCCD1 /* DebugStaticImage */ = {
			isa = XCBuildConfiguration;
			buildSettings = {
				ALWAYS_SEARCH_USER_PATHS = NO;
				COPY_PHASE_STRIP = NO;
				GCC_DYNAMIC_NO_PIC = NO;
				GCC_ENABLE_FIX_AND_CONTINUE = YES;
				GCC_MODEL_TUNING = G5;
				GCC_OPTIMIZATION_LEVEL = 0;
				GCC_PRECOMPILE_PREFIX_HEADER = YES;
				GCC_PREFIX_HEADER = AR_Prefix.pch;
				INFOPLIST_FILE = "AR-Info.plist";
				INSTALL_PATH = "$(HOME)/Applications";
				PRODUCT_NAME = AR;
			};
			name = DebugStaticImage;
		};
		C01FCF4B08A954540054247B /* Debug */ = {
			isa = XCBuildConfiguration;
			buildSettings = {
				ALWAYS_SEARCH_USER_PATHS = NO;
				COPY_PHASE_STRIP = NO;
				GCC_DYNAMIC_NO_PIC = NO;
				GCC_ENABLE_FIX_AND_CONTINUE = YES;
				GCC_MODEL_TUNING = G5;
				GCC_OPTIMIZATION_LEVEL = 0;
				GCC_PRECOMPILE_PREFIX_HEADER = YES;
				GCC_PREFIX_HEADER = AR_Prefix.pch;
				INFOPLIST_FILE = "AR-Info.plist";
				INSTALL_PATH = "$(HOME)/Applications";
				PRODUCT_NAME = AR;
			};
			name = Debug;
		};
		C01FCF4C08A954540054247B /* Release */ = {
			isa = XCBuildConfiguration;
			buildSettings = {
				ALWAYS_SEARCH_USER_PATHS = NO;
				DEBUG_INFORMATION_FORMAT = "dwarf-with-dsym";
				GCC_MODEL_TUNING = G5;
				GCC_PRECOMPILE_PREFIX_HEADER = YES;
				GCC_PREFIX_HEADER = AR_Prefix.pch;
				INFOPLIST_FILE = "AR-Info.plist";
				INSTALL_PATH = "$(HOME)/Applications";
				PRODUCT_NAME = AR;
			};
			name = Release;
		};
		C01FCF4F08A954540054247B /* Debug */ = {
			isa = XCBuildConfiguration;
			buildSettings = {
				ARCHS = "$(ARCHS_STANDARD_32_64_BIT)";
				GCC_C_LANGUAGE_STANDARD = gnu99;
				GCC_OPTIMIZATION_LEVEL = 0;
				GCC_PREPROCESSOR_DEFINITIONS = _DEBUG;
				GCC_WARN_ABOUT_RETURN_TYPE = YES;
				GCC_WARN_UNUSED_VARIABLE = YES;
				ONLY_ACTIVE_ARCH = YES;
				PREBINDING = NO;
				SDKROOT = macosx10.6;
			};
			name = Debug;
		};
		C01FCF5008A954540054247B /* Release */ = {
			isa = XCBuildConfiguration;
			buildSettings = {
				ARCHS = "$(ARCHS_STANDARD_32_64_BIT)";
				GCC_C_LANGUAGE_STANDARD = gnu99;
				GCC_WARN_ABOUT_RETURN_TYPE = YES;
				GCC_WARN_UNUSED_VARIABLE = YES;
				PREBINDING = NO;
				SDKROOT = macosx10.6;
			};
			name = Release;
		};
/* End XCBuildConfiguration section */

/* Begin XCConfigurationList section */
		C01FCF4A08A954540054247B /* Build configuration list for PBXNativeTarget "AR" */ = {
			isa = XCConfigurationList;
			buildConfigurations = (
				C01FCF4B08A954540054247B /* Debug */,
				140E249612AE2557009FCCD1 /* DebugStaticImage */,
				C01FCF4C08A954540054247B /* Release */,
			);
			defaultConfigurationIsVisible = 0;
			defaultConfigurationName = Release;
		};
		C01FCF4E08A954540054247B /* Build configuration list for PBXProject "AR" */ = {
			isa = XCConfigurationList;
			buildConfigurations = (
				C01FCF4F08A954540054247B /* Debug */,
				140E249512AE2557009FCCD1 /* DebugStaticImage */,
				C01FCF5008A954540054247B /* Release */,
			);
			defaultConfigurationIsVisible = 0;
			defaultConfigurationName = Release;
		};
/* End XCConfigurationList section */
	};
	rootObject = 29B97313FDCFA39411CA2CEA /* Project object */;
}
